
Microsoft Visual Studio Solution File, Format Version 12.00
# Visual Studio Version 17
VisualStudioVersion = 17.8.34330.188
MinimumVisualStudioVersion = 10.0.40219.1
Project("{2150E333-8FDC-42A3-9474-1A3956D46DE8}") = "Services", "Services", "{E307CDBD-CC49-40EE-84A0-2A77E65C6BA6}"
EndProject
Project("{2150E333-8FDC-42A3-9474-1A3956D46DE8}") = "Contact", "Contact", "{AD43626E-1CA5-4566-8A7A-B8C88232E267}"
EndProject
Project("{2150E333-8FDC-42A3-9474-1A3956D46DE8}") = "Core", "Core", "{C829C944-A256-4F89-9282-13E12CE0658D}"
EndProject
Project("{2150E333-8FDC-42A3-9474-1A3956D46DE8}") = "Infrastructure", "Infrastructure", "{4EDF414F-FBF7-49E0-9AE0-8E8EFE1D81A4}"
EndProject
Project("{2150E333-8FDC-42A3-9474-1A3956D46DE8}") = "Presentation", "Presentation", "{5ECFD89F-C443-4010-B278-5B6589A33BA2}"
EndProject
Project("{9A19103F-16F7-4668-BE54-9A1E7A4F7556}") = "Setur.Contact.Domain", "Services\Contact\Core\Setur.Contact.Domain\Setur.Contact.Domain.csproj", "{2C95D2DA-E7EF-466C-B13A-E20C0B89D265}"
EndProject
Project("{9A19103F-16F7-4668-BE54-9A1E7A4F7556}") = "Setur.Contact.Application", "Services\Contact\Core\Setur.Contact.Application\Setur.Contact.Application.csproj", "{96301AF2-FB9B-4BAF-AC93-18BB2361D4F9}"
EndProject
Project("{9A19103F-16F7-4668-BE54-9A1E7A4F7556}") = "Setur.Contact.Persistance", "Services\Contact\Infrastructure\Setur.Contact.Persistance\Setur.Contact.Persistance.csproj", "{2247B28E-BDCE-43B9-AF17-2585A6106E20}"
EndProject
Project("{9A19103F-16F7-4668-BE54-9A1E7A4F7556}") = "Setur.Contact.WebApi", "Services\Contact\Presentation\Setur.Contact.WebApi\Setur.Contact.WebApi.csproj", "{46F0449F-D276-4ADA-99F6-80D25AAB9C8D}"
EndProject
Project("{2150E333-8FDC-42A3-9474-1A3956D46DE8}") = "Report", "Report", "{B10BE233-800F-4738-BC13-0E22004B7CAF}"
EndProject
Project("{2150E333-8FDC-42A3-9474-1A3956D46DE8}") = "Core", "Core", "{41011B90-E8E9-4CE4-8192-94F378CF0094}"
EndProject
Project("{2150E333-8FDC-42A3-9474-1A3956D46DE8}") = "Infrastructure", "Infrastructure", "{7D8FD45A-DC5D-4CF7-99FE-A50289D025F5}"
EndProject
Project("{2150E333-8FDC-42A3-9474-1A3956D46DE8}") = "Presentation", "Presentation", "{C3A05E0D-7443-4D92-AA8A-E0DD32A7C79B}"
EndProject
Project("{9A19103F-16F7-4668-BE54-9A1E7A4F7556}") = "Setur.Report.Domain", "Services\Report\Core\Setur.Report.Domain\Setur.Report.Domain.csproj", "{4C3BC5DE-A5FA-415A-80A2-681828728AFA}"
EndProject
Project("{9A19103F-16F7-4668-BE54-9A1E7A4F7556}") = "Setur.Report.Application", "Services\Report\Core\Setur.Report.Application\Setur.Report.Application.csproj", "{9D1FB302-754B-4CD8-9683-3A199EDE27DA}"
EndProject
Project("{9A19103F-16F7-4668-BE54-9A1E7A4F7556}") = "Setur.Report.Persistance", "Services\Report\Infrastructure\Setur.Report.Persistance\Setur.Report.Persistance.csproj", "{1A6EA531-0E40-4018-98F1-96C8080284FA}"
EndProject
Project("{9A19103F-16F7-4668-BE54-9A1E7A4F7556}") = "Setur.Report.WebApi", "Services\Report\Presentation\Setur.Report.WebApi\Setur.Report.WebApi.csproj", "{24F3C217-51A2-4544-B6B0-B6DA92D96727}"
EndProject
Project("{2150E333-8FDC-42A3-9474-1A3956D46DE8}") = "RabbitMQ", "RabbitMQ", "{227B55EA-5EA4-4AFC-83B9-853B0A214138}"
EndProject
Project("{2150E333-8FDC-42A3-9474-1A3956D46DE8}") = "Shared", "Shared", "{A0A45D15-A2F1-445D-BB0D-E66849DC0C3E}"
EndProject
Project("{9A19103F-16F7-4668-BE54-9A1E7A4F7556}") = "Setur.Shared", "Shared\Setur.Shared\Setur.Shared.csproj", "{59FFAAC7-05C6-4951-AB53-A73325D2053D}"
EndProject
Project("{9A19103F-16F7-4668-BE54-9A1E7A4F7556}") = "Setur.ReportCreateWorkerService", "RabbitMQ\Setur.ReportCreateWorkerService\Setur.ReportCreateWorkerService.csproj", "{3D235601-0072-4F18-8256-BAC199E4250A}"
EndProject
Project("{2150E333-8FDC-42A3-9474-1A3956D46DE8}") = "Test", "Test", "{D772D894-50E8-440C-9A51-6D07DD0AE152}"
EndProject
Project("{9A19103F-16F7-4668-BE54-9A1E7A4F7556}") = "Setur.Contact.xUnitTest", "Test\Setur.Contact.xUnitTest\Setur.Contact.xUnitTest.csproj", "{CDB26678-51D8-42C9-BDA4-EDD0BFEE54C0}"
EndProject
Project("{9A19103F-16F7-4668-BE54-9A1E7A4F7556}") = "Setur.Report.xUnitTest", "Test\Setur.Report.xUnitTest\Setur.Report.xUnitTest.csproj", "{D4E15682-ABEB-45C9-B72B-70DF441DF6D3}"
EndProject
Global
	GlobalSection(SolutionConfigurationPlatforms) = preSolution
		Debug|Any CPU = Debug|Any CPU
		Release|Any CPU = Release|Any CPU
	EndGlobalSection
	GlobalSection(ProjectConfigurationPlatforms) = postSolution
		{2C95D2DA-E7EF-466C-B13A-E20C0B89D265}.Debug|Any CPU.ActiveCfg = Debug|Any CPU
		{2C95D2DA-E7EF-466C-B13A-E20C0B89D265}.Debug|Any CPU.Build.0 = Debug|Any CPU
		{2C95D2DA-E7EF-466C-B13A-E20C0B89D265}.Release|Any CPU.ActiveCfg = Release|Any CPU
		{2C95D2DA-E7EF-466C-B13A-E20C0B89D265}.Release|Any CPU.Build.0 = Release|Any CPU
		{96301AF2-FB9B-4BAF-AC93-18BB2361D4F9}.Debug|Any CPU.ActiveCfg = Debug|Any CPU
		{96301AF2-FB9B-4BAF-AC93-18BB2361D4F9}.Debug|Any CPU.Build.0 = Debug|Any CPU
		{96301AF2-FB9B-4BAF-AC93-18BB2361D4F9}.Release|Any CPU.ActiveCfg = Release|Any CPU
		{96301AF2-FB9B-4BAF-AC93-18BB2361D4F9}.Release|Any CPU.Build.0 = Release|Any CPU
		{2247B28E-BDCE-43B9-AF17-2585A6106E20}.Debug|Any CPU.ActiveCfg = Debug|Any CPU
		{2247B28E-BDCE-43B9-AF17-2585A6106E20}.Debug|Any CPU.Build.0 = Debug|Any CPU
		{2247B28E-BDCE-43B9-AF17-2585A6106E20}.Release|Any CPU.ActiveCfg = Release|Any CPU
		{2247B28E-BDCE-43B9-AF17-2585A6106E20}.Release|Any CPU.Build.0 = Release|Any CPU
		{46F0449F-D276-4ADA-99F6-80D25AAB9C8D}.Debug|Any CPU.ActiveCfg = Debug|Any CPU
		{46F0449F-D276-4ADA-99F6-80D25AAB9C8D}.Debug|Any CPU.Build.0 = Debug|Any CPU
		{46F0449F-D276-4ADA-99F6-80D25AAB9C8D}.Release|Any CPU.ActiveCfg = Release|Any CPU
		{46F0449F-D276-4ADA-99F6-80D25AAB9C8D}.Release|Any CPU.Build.0 = Release|Any CPU
		{4C3BC5DE-A5FA-415A-80A2-681828728AFA}.Debug|Any CPU.ActiveCfg = Debug|Any CPU
		{4C3BC5DE-A5FA-415A-80A2-681828728AFA}.Debug|Any CPU.Build.0 = Debug|Any CPU
		{4C3BC5DE-A5FA-415A-80A2-681828728AFA}.Release|Any CPU.ActiveCfg = Release|Any CPU
		{4C3BC5DE-A5FA-415A-80A2-681828728AFA}.Release|Any CPU.Build.0 = Release|Any CPU
		{9D1FB302-754B-4CD8-9683-3A199EDE27DA}.Debug|Any CPU.ActiveCfg = Debug|Any CPU
		{9D1FB302-754B-4CD8-9683-3A199EDE27DA}.Debug|Any CPU.Build.0 = Debug|Any CPU
		{9D1FB302-754B-4CD8-9683-3A199EDE27DA}.Release|Any CPU.ActiveCfg = Release|Any CPU
		{9D1FB302-754B-4CD8-9683-3A199EDE27DA}.Release|Any CPU.Build.0 = Release|Any CPU
		{1A6EA531-0E40-4018-98F1-96C8080284FA}.Debug|Any CPU.ActiveCfg = Debug|Any CPU
		{1A6EA531-0E40-4018-98F1-96C8080284FA}.Debug|Any CPU.Build.0 = Debug|Any CPU
		{1A6EA531-0E40-4018-98F1-96C8080284FA}.Release|Any CPU.ActiveCfg = Release|Any CPU
		{1A6EA531-0E40-4018-98F1-96C8080284FA}.Release|Any CPU.Build.0 = Release|Any CPU
		{24F3C217-51A2-4544-B6B0-B6DA92D96727}.Debug|Any CPU.ActiveCfg = Debug|Any CPU
		{24F3C217-51A2-4544-B6B0-B6DA92D96727}.Debug|Any CPU.Build.0 = Debug|Any CPU
		{24F3C217-51A2-4544-B6B0-B6DA92D96727}.Release|Any CPU.ActiveCfg = Release|Any CPU
		{24F3C217-51A2-4544-B6B0-B6DA92D96727}.Release|Any CPU.Build.0 = Release|Any CPU
		{59FFAAC7-05C6-4951-AB53-A73325D2053D}.Debug|Any CPU.ActiveCfg = Debug|Any CPU
		{59FFAAC7-05C6-4951-AB53-A73325D2053D}.Debug|Any CPU.Build.0 = Debug|Any CPU
		{59FFAAC7-05C6-4951-AB53-A73325D2053D}.Release|Any CPU.ActiveCfg = Release|Any CPU
		{59FFAAC7-05C6-4951-AB53-A73325D2053D}.Release|Any CPU.Build.0 = Release|Any CPU
		{3D235601-0072-4F18-8256-BAC199E4250A}.Debug|Any CPU.ActiveCfg = Debug|Any CPU
		{3D235601-0072-4F18-8256-BAC199E4250A}.Debug|Any CPU.Build.0 = Debug|Any CPU
		{3D235601-0072-4F18-8256-BAC199E4250A}.Release|Any CPU.ActiveCfg = Release|Any CPU
		{3D235601-0072-4F18-8256-BAC199E4250A}.Release|Any CPU.Build.0 = Release|Any CPU
		{CDB26678-51D8-42C9-BDA4-EDD0BFEE54C0}.Debug|Any CPU.ActiveCfg = Debug|Any CPU
		{CDB26678-51D8-42C9-BDA4-EDD0BFEE54C0}.Debug|Any CPU.Build.0 = Debug|Any CPU
		{CDB26678-51D8-42C9-BDA4-EDD0BFEE54C0}.Release|Any CPU.ActiveCfg = Release|Any CPU
		{CDB26678-51D8-42C9-BDA4-EDD0BFEE54C0}.Release|Any CPU.Build.0 = Release|Any CPU
		{D4E15682-ABEB-45C9-B72B-70DF441DF6D3}.Debug|Any CPU.ActiveCfg = Debug|Any CPU
		{D4E15682-ABEB-45C9-B72B-70DF441DF6D3}.Debug|Any CPU.Build.0 = Debug|Any CPU
		{D4E15682-ABEB-45C9-B72B-70DF441DF6D3}.Release|Any CPU.ActiveCfg = Release|Any CPU
		{D4E15682-ABEB-45C9-B72B-70DF441DF6D3}.Release|Any CPU.Build.0 = Release|Any CPU
	EndGlobalSection
	GlobalSection(SolutionProperties) = preSolution
		HideSolutionNode = FALSE
	EndGlobalSection
	GlobalSection(NestedProjects) = preSolution
		{AD43626E-1CA5-4566-8A7A-B8C88232E267} = {E307CDBD-CC49-40EE-84A0-2A77E65C6BA6}
		{C829C944-A256-4F89-9282-13E12CE0658D} = {AD43626E-1CA5-4566-8A7A-B8C88232E267}
		{4EDF414F-FBF7-49E0-9AE0-8E8EFE1D81A4} = {AD43626E-1CA5-4566-8A7A-B8C88232E267}
		{5ECFD89F-C443-4010-B278-5B6589A33BA2} = {AD43626E-1CA5-4566-8A7A-B8C88232E267}
		{2C95D2DA-E7EF-466C-B13A-E20C0B89D265} = {C829C944-A256-4F89-9282-13E12CE0658D}
		{96301AF2-FB9B-4BAF-AC93-18BB2361D4F9} = {C829C944-A256-4F89-9282-13E12CE0658D}
		{2247B28E-BDCE-43B9-AF17-2585A6106E20} = {4EDF414F-FBF7-49E0-9AE0-8E8EFE1D81A4}
		{46F0449F-D276-4ADA-99F6-80D25AAB9C8D} = {5ECFD89F-C443-4010-B278-5B6589A33BA2}
		{B10BE233-800F-4738-BC13-0E22004B7CAF} = {E307CDBD-CC49-40EE-84A0-2A77E65C6BA6}
		{41011B90-E8E9-4CE4-8192-94F378CF0094} = {B10BE233-800F-4738-BC13-0E22004B7CAF}
		{7D8FD45A-DC5D-4CF7-99FE-A50289D025F5} = {B10BE233-800F-4738-BC13-0E22004B7CAF}
		{C3A05E0D-7443-4D92-AA8A-E0DD32A7C79B} = {B10BE233-800F-4738-BC13-0E22004B7CAF}
		{4C3BC5DE-A5FA-415A-80A2-681828728AFA} = {41011B90-E8E9-4CE4-8192-94F378CF0094}
		{9D1FB302-754B-4CD8-9683-3A199EDE27DA} = {41011B90-E8E9-4CE4-8192-94F378CF0094}
		{1A6EA531-0E40-4018-98F1-96C8080284FA} = {7D8FD45A-DC5D-4CF7-99FE-A50289D025F5}
		{24F3C217-51A2-4544-B6B0-B6DA92D96727} = {C3A05E0D-7443-4D92-AA8A-E0DD32A7C79B}
		{227B55EA-5EA4-4AFC-83B9-853B0A214138} = {E307CDBD-CC49-40EE-84A0-2A77E65C6BA6}
		{A0A45D15-A2F1-445D-BB0D-E66849DC0C3E} = {E307CDBD-CC49-40EE-84A0-2A77E65C6BA6}
		{59FFAAC7-05C6-4951-AB53-A73325D2053D} = {A0A45D15-A2F1-445D-BB0D-E66849DC0C3E}
		{3D235601-0072-4F18-8256-BAC199E4250A} = {227B55EA-5EA4-4AFC-83B9-853B0A214138}
		{CDB26678-51D8-42C9-BDA4-EDD0BFEE54C0} = {D772D894-50E8-440C-9A51-6D07DD0AE152}
		{D4E15682-ABEB-45C9-B72B-70DF441DF6D3} = {D772D894-50E8-440C-9A51-6D07DD0AE152}
	EndGlobalSection
	GlobalSection(ExtensibilityGlobals) = postSolution
		SolutionGuid = {4A6B4239-1E86-4C5F-BBFA-9D6B9CEE3146}
	EndGlobalSection
EndGlobal
